
Microsoft Visual Studio Solution File, Format Version 12.00
# Visual Studio Version 16
VisualStudioVersion = 16.0.31321.278
MinimumVisualStudioVersion = 10.0.40219.1
Project("{FAE04EC0-301F-11D3-BF4B-00C04F79EFBC}") = "Week_06_lab_16", "Week_06_lab_16\Week_06_lab_16.csproj", "{957FB559-22B1-431F-BEB1-D2002BFD079E}"
EndProject
Global
	GlobalSection(SolutionConfigurationPlatforms) = preSolution
		Debug|Any CPU = Debug|Any CPU
		Release|Any CPU = Release|Any CPU
	EndGlobalSection
	GlobalSection(ProjectConfigurationPlatforms) = postSolution
		{957FB559-22B1-431F-BEB1-D2002BFD079E}.Debug|Any CPU.ActiveCfg = Debug|Any CPU
		{957FB559-22B1-431F-BEB1-D2002BFD079E}.Debug|Any CPU.Build.0 = Debug|Any CPU
		{957FB559-22B1-431F-BEB1-D2002BFD079E}.Release|Any CPU.ActiveCfg = Release|Any CPU
		{957FB559-22B1-431F-BEB1-D2002BFD079E}.Release|Any CPU.Build.0 = Release|Any CPU
	EndGlobalSection
	GlobalSection(SolutionProperties) = preSolution
		HideSolutionNode = FALSE
	EndGlobalSection
	GlobalSection(ExtensibilityGlobals) = postSolution
		SolutionGuid = {06B557CD-5C9F-4D00-A1EA-CECEA18581E5}
	EndGlobalSection
EndGlobal
