
Microsoft Visual Studio Solution File, Format Version 12.00
# Visual Studio Version 16
VisualStudioVersion = 16.0.31321.278
MinimumVisualStudioVersion = 10.0.40219.1
Project("{FAE04EC0-301F-11D3-BF4B-00C04F79EFBC}") = "Week_03_lab_08_09", "Week_03_lab_08_09\Week_03_lab_08_09.csproj", "{8C36DE61-21C0-48F4-93C9-E3EC333BFC7D}"
EndProject
Global
	GlobalSection(SolutionConfigurationPlatforms) = preSolution
		Debug|Any CPU = Debug|Any CPU
		Release|Any CPU = Release|Any CPU
	EndGlobalSection
	GlobalSection(ProjectConfigurationPlatforms) = postSolution
		{8C36DE61-21C0-48F4-93C9-E3EC333BFC7D}.Debug|Any CPU.ActiveCfg = Debug|Any CPU
		{8C36DE61-21C0-48F4-93C9-E3EC333BFC7D}.Debug|Any CPU.Build.0 = Debug|Any CPU
		{8C36DE61-21C0-48F4-93C9-E3EC333BFC7D}.Release|Any CPU.ActiveCfg = Release|Any CPU
		{8C36DE61-21C0-48F4-93C9-E3EC333BFC7D}.Release|Any CPU.Build.0 = Release|Any CPU
	EndGlobalSection
	GlobalSection(SolutionProperties) = preSolution
		HideSolutionNode = FALSE
	EndGlobalSection
	GlobalSection(ExtensibilityGlobals) = postSolution
		SolutionGuid = {06CC030B-AB08-4E00-BD58-FDA7D7367461}
	EndGlobalSection
EndGlobal
