
Microsoft Visual Studio Solution File, Format Version 12.00
# Visual Studio Version 16
VisualStudioVersion = 16.0.31321.278
MinimumVisualStudioVersion = 10.0.40219.1
Project("{FAE04EC0-301F-11D3-BF4B-00C04F79EFBC}") = "Week_02_lab_05_06", "Week_02_lab_05_06\Week_02_lab_05_06.csproj", "{BC3C5F5E-1D88-4A96-8115-BD58826ABDCF}"
EndProject
Global
	GlobalSection(SolutionConfigurationPlatforms) = preSolution
		Debug|Any CPU = Debug|Any CPU
		Release|Any CPU = Release|Any CPU
	EndGlobalSection
	GlobalSection(ProjectConfigurationPlatforms) = postSolution
		{BC3C5F5E-1D88-4A96-8115-BD58826ABDCF}.Debug|Any CPU.ActiveCfg = Debug|Any CPU
		{BC3C5F5E-1D88-4A96-8115-BD58826ABDCF}.Debug|Any CPU.Build.0 = Debug|Any CPU
		{BC3C5F5E-1D88-4A96-8115-BD58826ABDCF}.Release|Any CPU.ActiveCfg = Release|Any CPU
		{BC3C5F5E-1D88-4A96-8115-BD58826ABDCF}.Release|Any CPU.Build.0 = Release|Any CPU
	EndGlobalSection
	GlobalSection(SolutionProperties) = preSolution
		HideSolutionNode = FALSE
	EndGlobalSection
	GlobalSection(ExtensibilityGlobals) = postSolution
		SolutionGuid = {A59D6879-F4C4-4732-BB82-1380F88D4EB1}
	EndGlobalSection
EndGlobal
